
Microsoft Visual Studio Solution File, Format Version 12.00
# Visual Studio Version 16
VisualStudioVersion = 16.0.32413.511
MinimumVisualStudioVersion = 10.0.40219.1
Project("{FAE04EC0-301F-11D3-BF4B-00C04F79EFBC}") = "say hello", "say hello\say hello.csproj", "{A805ED11-4384-4AB0-B27F-B423F39415F2}"
EndProject
Global
	GlobalSection(SolutionConfigurationPlatforms) = preSolution
		Debug|Any CPU = Debug|Any CPU
		Release|Any CPU = Release|Any CPU
	EndGlobalSection
	GlobalSection(ProjectConfigurationPlatforms) = postSolution
		{A805ED11-4384-4AB0-B27F-B423F39415F2}.Debug|Any CPU.ActiveCfg = Debug|Any CPU
		{A805ED11-4384-4AB0-B27F-B423F39415F2}.Debug|Any CPU.Build.0 = Debug|Any CPU
		{A805ED11-4384-4AB0-B27F-B423F39415F2}.Release|Any CPU.ActiveCfg = Release|Any CPU
		{A805ED11-4384-4AB0-B27F-B423F39415F2}.Release|Any CPU.Build.0 = Release|Any CPU
	EndGlobalSection
	GlobalSection(SolutionProperties) = preSolution
		HideSolutionNode = FALSE
	EndGlobalSection
	GlobalSection(ExtensibilityGlobals) = postSolution
		SolutionGuid = {0833F478-CBE8-408B-A92B-FDC131F6E934}
	EndGlobalSection
EndGlobal
